
Microsoft Visual Studio Solution File, Format Version 12.00
# Visual Studio 2013
VisualStudioVersion = 12.0.31101.0
MinimumVisualStudioVersion = 10.0.40219.1
Project("{FAE04EC0-301F-11D3-BF4B-00C04F79EFBC}") = "ImageCollectionExpander", "ImageCollectionExpander\ImageCollectionExpander.csproj", "{22150CE9-FECA-47FE-AB7D-EAE2447E54F7}"
EndProject
Project("{FAE04EC0-301F-11D3-BF4B-00C04F79EFBC}") = "ImageCollectionExpander.Tests", "ImageCollectionExpander.Tests\ImageCollectionExpander.Tests.csproj", "{E80D0105-9527-43AA-9A30-2A12ACCA08ED}"
EndProject
Project("{FAE04EC0-301F-11D3-BF4B-00C04F79EFBC}") = "ImageCollectionExpander.Domain", "ImageCollectionExpander.Domain\ImageCollectionExpander.Domain.csproj", "{6D06E1AD-ADEB-4E4B-A553-0319415AE55C}"
EndProject
Project("{FAE04EC0-301F-11D3-BF4B-00C04F79EFBC}") = "ImageCollectionExpander.DAL", "ImageCollectionExpander.DAL\ImageCollectionExpander.DAL.csproj", "{67E7E46A-1D5A-4D13-8A89-9789A96E2E34}"
EndProject
Project("{2150E333-8FDC-42A3-9474-1A3956D46DE8}") = ".nuget", ".nuget", "{6F025811-31AD-4D0B-B7EC-E6AF7430E99E}"
	ProjectSection(SolutionItems) = preProject
		.nuget\NuGet.Config = .nuget\NuGet.Config
		.nuget\NuGet.exe = .nuget\NuGet.exe
		.nuget\NuGet.targets = .nuget\NuGet.targets
	EndProjectSection
EndProject
Project("{FAE04EC0-301F-11D3-BF4B-00C04F79EFBC}") = "ICE.Infrastructure", "ICE.Infrastructure\ICE.Infrastructure.csproj", "{F47D9CEF-5A15-4D0D-A459-F8120DE9211F}"
EndProject
Project("{FAE04EC0-301F-11D3-BF4B-00C04F79EFBC}") = "ImageCollectionExpander.Business", "ImageCollectionExpander.Business\ImageCollectionExpander.Business.csproj", "{4FF34143-92CB-478A-A155-B545251D4E77}"
EndProject
Global
	GlobalSection(SolutionConfigurationPlatforms) = preSolution
		Debug|Any CPU = Debug|Any CPU
		Release|Any CPU = Release|Any CPU
	EndGlobalSection
	GlobalSection(ProjectConfigurationPlatforms) = postSolution
		{22150CE9-FECA-47FE-AB7D-EAE2447E54F7}.Debug|Any CPU.ActiveCfg = Debug|Any CPU
		{22150CE9-FECA-47FE-AB7D-EAE2447E54F7}.Debug|Any CPU.Build.0 = Debug|Any CPU
		{22150CE9-FECA-47FE-AB7D-EAE2447E54F7}.Release|Any CPU.ActiveCfg = Release|Any CPU
		{22150CE9-FECA-47FE-AB7D-EAE2447E54F7}.Release|Any CPU.Build.0 = Release|Any CPU
		{E80D0105-9527-43AA-9A30-2A12ACCA08ED}.Debug|Any CPU.ActiveCfg = Debug|Any CPU
		{E80D0105-9527-43AA-9A30-2A12ACCA08ED}.Debug|Any CPU.Build.0 = Debug|Any CPU
		{E80D0105-9527-43AA-9A30-2A12ACCA08ED}.Release|Any CPU.ActiveCfg = Release|Any CPU
		{E80D0105-9527-43AA-9A30-2A12ACCA08ED}.Release|Any CPU.Build.0 = Release|Any CPU
		{6D06E1AD-ADEB-4E4B-A553-0319415AE55C}.Debug|Any CPU.ActiveCfg = Debug|Any CPU
		{6D06E1AD-ADEB-4E4B-A553-0319415AE55C}.Debug|Any CPU.Build.0 = Debug|Any CPU
		{6D06E1AD-ADEB-4E4B-A553-0319415AE55C}.Release|Any CPU.ActiveCfg = Release|Any CPU
		{6D06E1AD-ADEB-4E4B-A553-0319415AE55C}.Release|Any CPU.Build.0 = Release|Any CPU
		{67E7E46A-1D5A-4D13-8A89-9789A96E2E34}.Debug|Any CPU.ActiveCfg = Debug|Any CPU
		{67E7E46A-1D5A-4D13-8A89-9789A96E2E34}.Debug|Any CPU.Build.0 = Debug|Any CPU
		{67E7E46A-1D5A-4D13-8A89-9789A96E2E34}.Release|Any CPU.ActiveCfg = Release|Any CPU
		{67E7E46A-1D5A-4D13-8A89-9789A96E2E34}.Release|Any CPU.Build.0 = Release|Any CPU
		{F47D9CEF-5A15-4D0D-A459-F8120DE9211F}.Debug|Any CPU.ActiveCfg = Debug|Any CPU
		{F47D9CEF-5A15-4D0D-A459-F8120DE9211F}.Debug|Any CPU.Build.0 = Debug|Any CPU
		{F47D9CEF-5A15-4D0D-A459-F8120DE9211F}.Release|Any CPU.ActiveCfg = Release|Any CPU
		{F47D9CEF-5A15-4D0D-A459-F8120DE9211F}.Release|Any CPU.Build.0 = Release|Any CPU
		{4FF34143-92CB-478A-A155-B545251D4E77}.Debug|Any CPU.ActiveCfg = Debug|Any CPU
		{4FF34143-92CB-478A-A155-B545251D4E77}.Debug|Any CPU.Build.0 = Debug|Any CPU
		{4FF34143-92CB-478A-A155-B545251D4E77}.Release|Any CPU.ActiveCfg = Release|Any CPU
		{4FF34143-92CB-478A-A155-B545251D4E77}.Release|Any CPU.Build.0 = Release|Any CPU
	EndGlobalSection
	GlobalSection(SolutionProperties) = preSolution
		HideSolutionNode = FALSE
	EndGlobalSection
EndGlobal
